PODS:
  - IJKMediaFramework (0.1.5)
  - SDWebImage (5.11.1):
    - SDWebImage/Core (= 5.11.1)
  - SDWebImage/Core (5.11.1)
  - ZFPlayer (4.0.1):
    - ZFPlayer/Core (= 4.0.1)
  - ZFPlayer/AVPlayer (4.0.1):
    - ZFPlayer/Core
  - ZFPlayer/ControlView (4.0.1):
    - ZFPlayer/Core
  - ZFPlayer/Core (4.0.1)
  - ZFPlayer/ijkplayer (4.0.1):
    - IJKMediaFramework
    - ZFPlayer/Core

DEPENDENCIES:
  - SDWebImage (~> 5.11.1)
  - ZFPlayer (~> 4.0.1)
  - ZFPlayer/AVPlayer (~> 4.0)
  - ZFPlayer/ControlView (~> 4.0)
  - ZFPlayer/ijkplayer (~> 4.0)

SPEC REPOS:
  trunk:
    - IJKMediaFramework
    - SDWebImage
    - ZFPlayer

SPEC CHECKSUMS:
  IJKMediaFramework: f1119f6324c96bc4654f3045a5beaa95ba0596c0
  SDWebImage: a7f831e1a65eb5e285e3fb046a23fcfbf08e696d
  ZFPlayer: f88787c815f7b0801279c42f131a89e2823e669e

PODFILE CHECKSUM: db1bf5f43d27f120829a91a461b722e41d82f4b7

COCOAPODS: 1.10.1
